version = 1
revision = 3
requires-python = ">=3.11"

[[package]]
name = "cbor2"
version = "6.1.2"
source = { registry = "https://pypi.org/simple" }
sdist = { url = "https://files.pythonhosted.org/packages/75/af/473c241e41c142ea06ebef8d1f660fa6ff928fb97210e7bec8ee5974f8cd/cbor2-6.1.2.tar.gz", hash = "sha256:6b43037a66947dee5af0abb1a4c3a13b3abac5a4a3f32f9771efbbcd030fd909", size = 86760, upload-time = "2026-06-02T19:01:29.333Z" }
wheels = [
    { url = "https://files.pythonhosted.org/packages/c0/1e/687d7a712755c84a4b823ca79622dceef7ddfb0a3387b6ac1cad10835e07/cbor2-6.1.2-cp311-cp311-macosx_11_0_arm64.whl", hash = "sha256:6ce8f6d9e234bdf36b5300bf3da98fafc198b253f8dfe77747327806bdb37d97", size = 411738, upload-time = "2026-06-02T19:00:33.396Z" },
    { url = "https://files.pythonhosted.org/packages/3f/d3/a96162ac244e074f9c188ffd29c086c51466e71c7c360189f6204900db3d/cbor2-6.1.2-cp311-cp311-manylinux_2_28_aarch64.whl", hash = "sha256:9f81ab0e74671b0ff9b7e30386e2ab8d40ee1049d13c1680b57ab1b1cd95c81a", size = 457945, upload-time = "2026-06-02T19:00:34.729Z" },
    { url = "https://files.pythonhosted.org/packages/3a/f3/7fed7cee8456932d38e7b11d5034470ee9e91378d16f762c552e78df34fa/cbor2-6.1.2-cp311-cp311-manylinux_2_28_x86_64.whl", hash = "sha256:5a429fc61db768c3b4739eb8532556eed86913ad64fe6ebbc1f3a646fb9a4f22", size = 468758, upload-time = "2026-06-02T19:00:35.882Z" },
    { url = "https://files.pythonhosted.org/packages/a1/e9/bb31f04c5afa53eb55927da1399cc596d7e84e7053de7abf2c3aba0ea3a9/cbor2-6.1.2-cp311-cp311-musllinux_1_2_aarch64.whl", hash = "sha256:511999bf3310c6641d3d15ee3853daa7ebd6ef3130bb0d63b9a7e2fd720a3714", size = 523169, upload-time = "2026-06-02T19:00:37.422Z" },
    { url = "https://files.pythonhosted.org/packages/fe/7f/90faf18c280abb49428ed2e78f672ef0c7f6eb1b9b685bc4fe810f2e5e95/cbor2-6.1.2-cp311-cp311-musllinux_1_2_x86_64.whl", hash = "sha256:3099e678283efd2d3cabd6ddcb770da6e2102c0d265f98bca38aa4e720e247cf", size = 534885, upload-time = "2026-06-02T19:00:38.972Z" },
    { url = "https://files.pythonhosted.org/packages/b8/8a/447aea5da80847bb17ca4718cd4909a2dc8dfe6f68ede4fe29f94b4ca12c/cbor2-6.1.2-cp311-cp311-win32.whl", hash = "sha256:0ef832ac8152ca76a69c184fe401329629b7dfd5fdddd713121bf1ff6d21660f", size = 284601, upload-time = "2026-06-02T19:00:40.426Z" },
    { url = "https://files.pythonhosted.org/packages/55/95/6239187639a875eb83b924c16f4938d3d735c9c45474008c8b962bd55da2/cbor2-6.1.2-cp311-cp311-win_amd64.whl", hash = "sha256:08cdc03d65e965aafd04c3bf9cb54b8cba55041756bd39d0ba6cd62bd060f959", size = 301284, upload-time = "2026-06-02T19:00:41.693Z" },
    { url = "https://files.pythonhosted.org/packages/76/cb/e5f92271747a0331ca9151fac4098f8e245f1b09623ddff1258967a35b01/cbor2-6.1.2-cp311-cp311-win_arm64.whl", hash = "sha256:0e2cfd25a395d454990d67148103107293c6506c3b0b15952a6e97f53d23deda", size = 292228, upload-time = "2026-06-02T19:00:43.27Z" },
    { url = "https://files.pythonhosted.org/packages/5e/0c/a857b6ca032282b564cf25de18ad92fe0614e8b3fa3422eb10e32a873939/cbor2-6.1.2-cp312-cp312-macosx_11_0_arm64.whl", hash = "sha256:92b158d3ff9d9dce70eeb09786a6e518e3cb0ecb927fd23e9a0f7fc4b175c01a", size = 409592, upload-time = "2026-06-02T19:00:44.556Z" },
    { url = "https://files.pythonhosted.org/packages/29/db/e0518153b3228159d9373f3b5785d7ea2d68898e27ee1bce7d03f0b5f7aa/cbor2-6.1.2-cp312-cp312-manylinux_2_28_aarch64.whl", hash = "sha256:d29a11044b07048e19f39a87fe8fea7ea865eb0ace50dc4c29513d52d40e2ddf", size = 454598, upload-time = "2026-06-02T19:00:45.784Z" },
    { url = "https://files.pythonhosted.org/packages/29/67/62127b22edc6011ba55b76a28ab7c2219a45d01871a8199532e0978b26d1/cbor2-6.1.2-cp312-cp312-manylinux_2_28_x86_64.whl", hash = "sha256:a106f174eda34d8937a621c7f3e6044586cb209170cdc8da0ffbea89d1d6e385", size = 467380, upload-time = "2026-06-02T19:00:47.196Z" },
    { url = "https://files.pythonhosted.org/packages/7c/95/7992d8ec904c116ad547abb4960cc3fde695d5853c66596b1465d14d2f7b/cbor2-6.1.2-cp312-cp312-musllinux_1_2_aarch64.whl", hash = "sha256:2ea16a25cc457a92879ff7a36cc50b587bddba09d8176bf1a94803eec5aa27eb", size = 521672, upload-time = "2026-06-02T19:00:48.656Z" },
    { url = "https://files.pythonhosted.org/packages/cb/cf/80cc4be132a523f0c92fb4c71813577bb393abea9e27990ca74605e0e930/cbor2-6.1.2-cp312-cp312-musllinux_1_2_x86_64.whl", hash = "sha256:2652a94224980d47f2a3866dd35b1afe532ecdfaf91f8cfcec39a026c457a844", size = 534402, upload-time = "2026-06-02T19:00:50.064Z" },
    { url = "https://files.pythonhosted.org/packages/b1/ea/99e466d8bef61a0775a1d8538ae6c9d95f4533fadc01f8f7814cb7ab80ad/cbor2-6.1.2-cp312-cp312-win32.whl", hash = "sha256:618666292900487db4a5abcade3150105c9c9fdd22576e6ff297c9a72eef0c6a", size = 283225, upload-time = "2026-06-02T19:00:51.406Z" },
    { url = "https://files.pythonhosted.org/packages/14/13/e6a677bdc499e43049006cb54fe605b0f7aef621402d31354cc42ef293c9/cbor2-6.1.2-cp312-cp312-win_amd64.whl", hash = "sha256:c61c0b2e2cee64497e6c62d1976bc212f62ac0cd2b5b903613610d79b8b06b60", size = 300844, upload-time = "2026-06-02T19:00:52.628Z" },
    { url = "https://files.pythonhosted.org/packages/77/4a/08bd8461f8e2e1ce1de5ae2768f2b7ca39a090e3156c1ee0d9b5fd86e70d/cbor2-6.1.2-cp312-cp312-win_arm64.whl", hash = "sha256:c871e7266ddc545b258e6f8e5300396985dc485d7ccf8bb4777385782f302153", size = 289040, upload-time = "2026-06-02T19:00:53.971Z" },
    { url = "https://files.pythonhosted.org/packages/2b/dc/bc045c8f36317e4e5f7a60d94b36833139909fc32e3a65f44bc61a36def0/cbor2-6.1.2-cp313-cp313-macosx_11_0_arm64.whl", hash = "sha256:f1aa38c422d87ea61849b2a823b10b64053fb4da8763f19ac78ea9a69d682b2a", size = 408846, upload-time = "2026-06-02T19:00:55.476Z" },
    { url = "https://files.pythonhosted.org/packages/2b/36/d66f5f0dd98ecbdcfc7da1fbd423f7b3782a27719f0062a560476f00b334/cbor2-6.1.2-cp313-cp313-manylinux_2_28_aarch64.whl", hash = "sha256:ff7d0bd8ff432832338a8d2430aee34f8a082342480ff537c0ba90e2b8ff7894", size = 454624, upload-time = "2026-06-02T19:00:56.744Z" },
    { url = "https://files.pythonhosted.org/packages/38/6b/4884b9cf03db14dc5007825d5d1bf8678a75c49d4268d8e0c1c6e9580104/cbor2-6.1.2-cp313-cp313-manylinux_2_28_x86_64.whl", hash = "sha256:c1eedf3290d88a5f663bd8b4b8f0f0e2103d0594c293fa5f4e62e53100972309", size = 466585, upload-time = "2026-06-02T19:00:58.209Z" },
    { url = "https://files.pythonhosted.org/packages/50/f6/36a15beb3915f56a79d6e9213c6d40c0f5cb90cd3462923f555d78068847/cbor2-6.1.2-cp313-cp313-musllinux_1_2_aarch64.whl", hash = "sha256:3049b04bddf9a5a2d0e5bb25dccdaf4552fcaf607b404e249d4f78f010fcc7d0", size = 521678, upload-time = "2026-06-02T19:00:59.524Z" },
    { url = "https://files.pythonhosted.org/packages/c6/3f/e899313371ebeb7a191d751de97ccd8242abc24bbc9d8e2c58e04475cfb0/cbor2-6.1.2-cp313-cp313-musllinux_1_2_x86_64.whl", hash = "sha256:96eb687a62040401668f06a85de8f47361ef44574de1493899e0ec678109fc04", size = 534044, upload-time = "2026-06-02T19:01:00.875Z" },
    { url = "https://files.pythonhosted.org/packages/1e/5e/1a872acdeb1ab9a884ec3460f73a43e02154dc20d8ccb627bbd60f4c0ea1/cbor2-6.1.2-cp313-cp313-win32.whl", hash = "sha256:03440b505882280023db1fedcee6844804e9968bb50f9eb4ff12aaf27777fcfe", size = 282328, upload-time = "2026-06-02T19:01:02.347Z" },
    { url = "https://files.pythonhosted.org/packages/70/79/29721bc15d38889e7bec214ede2346ee15970bedcc5e6ce1fa30f21e9a4e/cbor2-6.1.2-cp313-cp313-win_amd64.whl", hash = "sha256:d2c8da2c0f821827dcc9eb59a5c9351791a8aa3b389a2ea7ca64c4f97bcb94cf", size = 300313, upload-time = "2026-06-02T19:01:03.69Z" },
    { url = "https://files.pythonhosted.org/packages/07/98/a13b424fb2f14fe332b57f71f479953b2f291a051f797d42ddab9fcd2027/cbor2-6.1.2-cp313-cp313-win_arm64.whl", hash = "sha256:8e1478d3b980ddfcaf56e27cecbfe13057e0f67d5e8240fe8a398815acb9c4bf", size = 288725, upload-time = "2026-06-02T19:01:04.933Z" },
    { url = "https://files.pythonhosted.org/packages/62/72/949bdc7422acd868a2355ae032561a104973fb5de284b36a237b85780dc9/cbor2-6.1.2-cp314-cp314-macosx_11_0_arm64.whl", hash = "sha256:b0b65314a0b18c47651e17792447171a858dd77e3f161c451ad850d63f8718a9", size = 407436, upload-time = "2026-06-02T19:01:06.259Z" },
    { url = "https://files.pythonhosted.org/packages/2f/bd/5969f9263102d1c15aa370b39802e4a87b1d1703fdb51588daf38b5fbe7e/cbor2-6.1.2-cp314-cp314-manylinux_2_28_aarch64.whl", hash = "sha256:8904deb2849bae40cea970e114398a19da371e1048ae1409e64f167a1205daf6", size = 453507, upload-time = "2026-06-02T19:01:07.795Z" },
    { url = "https://files.pythonhosted.org/packages/93/a5/227b785692a8374e3dbdf1fe76d1a9af48239855abd68a4111a1458fd81b/cbor2-6.1.2-cp314-cp314-manylinux_2_28_x86_64.whl", hash = "sha256:b29d58d8ce00535354d873df170a3e9f0f0a02af65d12102d2552e2129c65dc8", size = 464875, upload-time = "2026-06-02T19:01:09.222Z" },
    { url = "https://files.pythonhosted.org/packages/6d/48/a06527c3fbed4c32816abba4540e432fe9cd7e739a37fef0f205bd0f1e44/cbor2-6.1.2-cp314-cp314-musllinux_1_2_aarch64.whl", hash = "sha256:27be1cc0abc42f154a48a315c92feb2bfb50397e51c70860460438ea172198a5", size = 519940, upload-time = "2026-06-02T19:01:10.795Z" },
    { url = "https://files.pythonhosted.org/packages/31/1b/0e3f0dac7140d4b94ffbcef765fa4cce0caa1d942060101149de998fa7be/cbor2-6.1.2-cp314-cp314-musllinux_1_2_x86_64.whl", hash = "sha256:b8d87fb8a33ff1971cb01511e74b044767cbba1ba536d3dc0b0c48f0d1b62237", size = 532612, upload-time = "2026-06-02T19:01:12.363Z" },
    { url = "https://files.pythonhosted.org/packages/35/2f/5af245e7667b65c6e4a714bb5d89c84de5573b857eba9137533d54bc2e4f/cbor2-6.1.2-cp314-cp314-win32.whl", hash = "sha256:72ba0ea913ca1a8d916867f1b7d414f140982d2873e5d92f8f51de437e08979e", size = 285886, upload-time = "2026-06-02T19:01:13.658Z" },
    { url = "https://files.pythonhosted.org/packages/d9/0a/6303f3e19730450c5a82b97cd2c0ed54855f9108502041305b4c641116cd/cbor2-6.1.2-cp314-cp314-win_amd64.whl", hash = "sha256:c02b7d94fe9914798a346a2f089f0f7f85be71d120d40080916d131fa0bd0442", size = 308808, upload-time = "2026-06-02T19:01:14.944Z" },
    { url = "https://files.pythonhosted.org/packages/cd/61/48f9c5545223dad9d2ea2061a76da739b4047a461297b621fc80ce0f65c0/cbor2-6.1.2-cp314-cp314-win_arm64.whl", hash = "sha256:2af1309865000c401755fd4fdd5550f74ac34c3f79eb7db15f3956714769a5a9", size = 299522, upload-time = "2026-06-02T19:01:16.393Z" },
    { url = "https://files.pythonhosted.org/packages/b2/2b/efcc6578b4e6142fb8ec9212c0dee5030345db2092f26aa960236067e717/cbor2-6.1.2-cp314-cp314t-macosx_11_0_arm64.whl", hash = "sha256:9f26e08dd78ee77d103065543a65cfb838948fa8735180ad4d81d939950a1420", size = 402925, upload-time = "2026-06-02T19:01:17.979Z" },
    { url = "https://files.pythonhosted.org/packages/58/f6/58c86aa6246b3e7de473d8ff79ac8cc986e95cafe208899a70d6916012d7/cbor2-6.1.2-cp314-cp314t-manylinux_2_28_aarch64.whl", hash = "sha256:596e238f24bf9ede11a1ad08d2115fe78105ed6dda42ce1dd35872e7e91974fd", size = 446201, upload-time = "2026-06-02T19:01:19.481Z" },
    { url = "https://files.pythonhosted.org/packages/c8/12/3b90820583e9860e35cb5e91f3b2cd2ab1bbdf1c57fc63aa572952f5f75f/cbor2-6.1.2-cp314-cp314t-manylinux_2_28_x86_64.whl", hash = "sha256:08a62f69fe0f0ee1428d901423853b56bb5c775430f798401f8fac4b9affdecc", size = 460193, upload-time = "2026-06-02T19:01:20.876Z" },
    { url = "https://files.pythonhosted.org/packages/ed/88/c1e841ffb39a8e7163d7d432f7ea0e59b812c5134a449c75b6b8eb8aad08/cbor2-6.1.2-cp314-cp314t-musllinux_1_2_aarch64.whl", hash = "sha256:6ca0080e4d8ab0d67c0518ac995d03151a1274b5c295c9e619fb6057c91ae49e", size = 511446, upload-time = "2026-06-02T19:01:22.18Z" },
    { url = "https://files.pythonhosted.org/packages/db/0a/f1ede587a388f127b9fc3d8ecb2f5d948654fed9fc7698f8b05fd90986bf/cbor2-6.1.2-cp314-cp314t-musllinux_1_2_x86_64.whl", hash = "sha256:b44eb2f3ea1c8d9cb3e39c345204ec4d9489f8149b78eb5e058b13b14a8c7b07", size = 527683, upload-time = "2026-06-02T19:01:23.639Z" },
    { url = "https://files.pythonhosted.org/packages/1a/89/e3210ea45855a8d6173821f712a71a90d23dea0c134c4017c6f666a04fdf/cbor2-6.1.2-cp314-cp314t-win32.whl", hash = "sha256:f93179b4b1ba958b5c37b56969b8f07b4fcf44a83319f47559c59f28a1c564a4", size = 280419, upload-time = "2026-06-02T19:01:25.365Z" },
    { url = "https://files.pythonhosted.org/packages/96/84/b555de26cc01108a72ed1df8eb7ca1d63495a3727045f0f93318dc5f99a8/cbor2-6.1.2-cp314-cp314t-win_amd64.whl", hash = "sha256:3c6c3d6598c268abf7068ae75b23b19f708e7a4aa294341b356deb65cb2664f1", size = 302514, upload-time = "2026-06-02T19:01:26.782Z" },
    { url = "https://files.pythonhosted.org/packages/d4/6e/5556939414c0d2bffed7c7a53cf2b32181b55a795944d19835d513a7bc88/cbor2-6.1.2-cp314-cp314t-win_arm64.whl", hash = "sha256:8c2202fd1906f978bff3f97b21351815753dd9a8fcf4612a5113b6b257089059", size = 290058, upload-time = "2026-06-02T19:01:28.077Z" },
]

[[package]]
name = "colorama"
version = "0.4.6"
source = { registry = "https://pypi.org/simple" }
sdist = { url = "https://files.pythonhosted.org/packages/d8/53/6f443c9a4a8358a93a6792e2acffb9d9d5cb0a5cfd8802644b7b1c9a02e4/colorama-0.4.6.tar.gz", hash = "sha256:08695f5cb7ed6e0531a20572697297273c47b8cae5a63ffc6d6ed5c201be6e44", size = 27697, upload-time = "2022-10-25T02:36:22.414Z" }
wheels = [
    { url = "https://files.pythonhosted.org/packages/d1/d6/3965ed04c63042e047cb6a3e6ed1a63a35087b6a609aa3a15ed8ac56c221/colorama-0.4.6-py2.py3-none-any.whl", hash = "sha256:4f1d9991f5acc0ca119f9d443620b77f9d6b33703e51011c16baf57afb285fc6", size = 25335, upload-time = "2022-10-25T02:36:20.889Z" },
]

[[package]]
name = "iniconfig"
version = "2.3.0"
source = { registry = "https://pypi.org/simple" }
sdist = { url = "https://files.pythonhosted.org/packages/72/34/14ca021ce8e5dfedc35312d08ba8bf51fdd999c576889fc2c24cb97f4f10/iniconfig-2.3.0.tar.gz", hash = "sha256:c76315c77db068650d49c5b56314774a7804df16fee4402c1f19d6d15d8c4730", size = 20503, upload-time = "2025-10-18T21:55:43.219Z" }
wheels = [
    { url = "https://files.pythonhosted.org/packages/cb/b1/3846dd7f199d53cb17f49cba7e651e9ce294d8497c8c150530ed11865bb8/iniconfig-2.3.0-py3-none-any.whl", hash = "sha256:f631c04d2c48c52b84d0d0549c99ff3859c98df65b3101406327ecc7d53fbf12", size = 7484, upload-time = "2025-10-18T21:55:41.639Z" },
]

[[package]]
name = "nats-py"
version = "2.15.0"
source = { registry = "https://pypi.org/simple" }
sdist = { url = "https://files.pythonhosted.org/packages/02/f0/fc5e93f2b0dd14a202590ad9d30eda1955ea872039b5204357348d0f4b1e/nats_py-2.15.0.tar.gz", hash = "sha256:6622c547d9a7d2313d9c147d46c386188f4ec2c7b5c9f9a0438a4d1b55f54a93", size = 75995, upload-time = "2026-06-05T07:34:03.904Z" }
wheels = [
    { url = "https://files.pythonhosted.org/packages/db/a8/b55606c7c621fb813c8ec78baf201d2c78bf6051091ec0c7ada572999e95/nats_py-2.15.0-py3-none-any.whl", hash = "sha256:9f8d36aa52a9926a88b8f1d70cf1fdce0ad387941479b500ee9ab3e51073cefd", size = 90334, upload-time = "2026-06-05T07:34:02.81Z" },
]

[[package]]
name = "packaging"
version = "26.2"
source = { registry = "https://pypi.org/simple" }
sdist = { url = "https://files.pythonhosted.org/packages/d7/f1/e7a6dd94a8d4a5626c03e4e99c87f241ba9e350cd9e6d75123f992427270/packaging-26.2.tar.gz", hash = "sha256:ff452ff5a3e828ce110190feff1178bb1f2ea2281fa2075aadb987c2fb221661", size = 228134, upload-time = "2026-04-24T20:15:23.917Z" }
wheels = [
    { url = "https://files.pythonhosted.org/packages/df/b2/87e62e8c3e2f4b32e5fe99e0b86d576da1312593b39f47d8ceef365e95ed/packaging-26.2-py3-none-any.whl", hash = "sha256:5fc45236b9446107ff2415ce77c807cee2862cb6fac22b8a73826d0693b0980e", size = 100195, upload-time = "2026-04-24T20:15:22.081Z" },
]

[[package]]
name = "pluggy"
version = "1.6.0"
source = { registry = "https://pypi.org/simple" }
sdist = { url = "https://files.pythonhosted.org/packages/f9/e2/3e91f31a7d2b083fe6ef3fa267035b518369d9511ffab804f839851d2779/pluggy-1.6.0.tar.gz", hash = "sha256:7dcc130b76258d33b90f61b658791dede3486c3e6bfb003ee5c9bfb396dd22f3", size = 69412, upload-time = "2025-05-15T12:30:07.975Z" }
wheels = [
    { url = "https://files.pythonhosted.org/packages/54/20/4d324d65cc6d9205fabedc306948156824eb9f0ee1633355a8f7ec5c66bf/pluggy-1.6.0-py3-none-any.whl", hash = "sha256:e920276dd6813095e9377c0bc5566d94c932c33b27a3e3945d8389c374dd4746", size = 20538, upload-time = "2025-05-15T12:30:06.134Z" },
]

[[package]]
name = "pygments"
version = "2.20.0"
source = { registry = "https://pypi.org/simple" }
sdist = { url = "https://files.pythonhosted.org/packages/c3/b2/bc9c9196916376152d655522fdcebac55e66de6603a76a02bca1b6414f6c/pygments-2.20.0.tar.gz", hash = "sha256:6757cd03768053ff99f3039c1a36d6c0aa0b263438fcab17520b30a303a82b5f", size = 4955991, upload-time = "2026-03-29T13:29:33.898Z" }
wheels = [
    { url = "https://files.pythonhosted.org/packages/f4/7e/a72dd26f3b0f4f2bf1dd8923c85f7ceb43172af56d63c7383eb62b332364/pygments-2.20.0-py3-none-any.whl", hash = "sha256:81a9e26dd42fd28a23a2d169d86d7ac03b46e2f8b59ed4698fb4785f946d0176", size = 1231151, upload-time = "2026-03-29T13:29:30.038Z" },
]

[[package]]
name = "pytest"
version = "9.1.0"
source = { registry = "https://pypi.org/simple" }
dependencies = [
    { name = "colorama", marker = "sys_platform == 'win32'" },
    { name = "iniconfig" },
    { name = "packaging" },
    { name = "pluggy" },
    { name = "pygments" },
]
sdist = { url = "https://files.pythonhosted.org/packages/84/0e/b5858858d74958632c49b72cb25a3976ff9f632397626715be71c89d3971/pytest-9.1.0.tar.gz", hash = "sha256:41dd9148c08072446394cefd3d79701701335a9f4cae69ba92e39f6c7f5c061c", size = 1634181, upload-time = "2026-06-13T18:52:45.983Z" }
wheels = [
    { url = "https://files.pythonhosted.org/packages/8b/5a/ba30a81239b909821b3153e303e7def45178bf353da4f72380e6c5e8793b/pytest-9.1.0-py3-none-any.whl", hash = "sha256:8ebb0e7888bdf2bdfc602ec51f8f62d50200af37356c74e503c79a94f5c81f32", size = 386453, upload-time = "2026-06-13T18:52:44.045Z" },
]

[[package]]
name = "pytest-asyncio"
version = "1.4.0"
source = { registry = "https://pypi.org/simple" }
dependencies = [
    { name = "pytest" },
    { name = "typing-extensions", marker = "python_full_version < '3.13'" },
]
sdist = { url = "https://files.pythonhosted.org/packages/43/7c/d36d04db312ecf4298932ef77e6e4a9e8ad017906e24e34f0b0c361a2473/pytest_asyncio-1.4.0.tar.gz", hash = "sha256:c6c0d2259945122819f171a32ecea2c349ead889ee28176caaf492143424be42", size = 58514, upload-time = "2026-05-26T09:56:04.083Z" }
wheels = [
    { url = "https://files.pythonhosted.org/packages/03/e2/08a497ef684b88559c9cc5f4ad53a37e7b99e727094a86d6ea32536d5d3c/pytest_asyncio-1.4.0-py3-none-any.whl", hash = "sha256:933ca923a23075a87fb7070c0ec272a6848489824d887c85c812670932835aa1", size = 16930, upload-time = "2026-05-26T09:56:02.576Z" },
]

[[package]]
name = "setaur"
version = "0.1.0"
source = { editable = "." }
dependencies = [
    { name = "cbor2" },
    { name = "nats-py" },
]

[package.dev-dependencies]
dev = [
    { name = "pytest" },
    { name = "pytest-asyncio" },
]

[package.metadata]
requires-dist = [
    { name = "cbor2", specifier = ">=6.1.2" },
    { name = "nats-py", specifier = ">=2.15.0" },
]

[package.metadata.requires-dev]
dev = [
    { name = "pytest", specifier = ">=9.1.0" },
    { name = "pytest-asyncio", specifier = ">=1.4.0" },
]

[[package]]
name = "typing-extensions"
version = "4.15.0"
source = { registry = "https://pypi.org/simple" }
sdist = { url = "https://files.pythonhosted.org/packages/72/94/1a15dd82efb362ac84269196e94cf00f187f7ed21c242792a923cdb1c61f/typing_extensions-4.15.0.tar.gz", hash = "sha256:0cea48d173cc12fa28ecabc3b837ea3cf6f38c6d1136f85cbaaf598984861466", size = 109391, upload-time = "2025-08-25T13:49:26.313Z" }
wheels = [
    { url = "https://files.pythonhosted.org/packages/18/67/36e9267722cc04a6b9f15c7f3441c2363321a3ea07da7ae0c0707beb2a9c/typing_extensions-4.15.0-py3-none-any.whl", hash = "sha256:f0fa19c6845758ab08074a0cfa8b7aecb71c999ca73d62883bc25cc018c4e548", size = 44614, upload-time = "2025-08-25T13:49:24.86Z" },
]
